# THIS IS AN AUTOGENERATED FILE. DO NOT EDIT THIS FILE DIRECTLY.
# yarn lockfile v1


ansi-regex@^2.0.0:
  version "2.1.1"
  resolved "http://registry.npm.corp.qunar.com/ansi-regex/download/ansi-regex-2.1.1.tgz#c3b33ab5ee360d86e0e628f0468ae7ef27d654df"

ansi-styles@^2.2.1:
  version "2.2.1"
  resolved "http://registry.npm.corp.qunar.com/ansi-styles/download/ansi-styles-2.2.1.tgz#b432dd3358b634cf75e1e4664368240533c1ddbe"

asap@~2.0.3:
  version "2.0.5"
  resolved "http://registry.npm.corp.qunar.com/asap/download/asap-2.0.5.tgz#522765b50c3510490e52d7dcfe085ef9ba96958f"

async@1.5.0:
  version "1.5.0"
  resolved "http://registry.npm.corp.qunar.com/async/download/async-1.5.0.tgz#2796642723573859565633fc6274444bee2f8ce3"

babel-code-frame@^6.22.0:
  version "6.22.0"
  resolved "http://registry.npm.corp.qunar.com/babel-code-frame/download/babel-code-frame-6.22.0.tgz#027620bee567a88c32561574e7fd0801d33118e4"
  dependencies:
    chalk "^1.1.0"
    esutils "^2.0.2"
    js-tokens "^3.0.0"

babel-core@^6.23.0, babel-core@^6.23.1:
  version "6.23.1"
  resolved "http://registry.npm.corp.qunar.com/babel-core/download/babel-core-6.23.1.tgz#c143cb621bb2f621710c220c5d579d15b8a442df"
  dependencies:
    babel-code-frame "^6.22.0"
    babel-generator "^6.23.0"
    babel-helpers "^6.23.0"
    babel-messages "^6.23.0"
    babel-register "^6.23.0"
    babel-runtime "^6.22.0"
    babel-template "^6.23.0"
    babel-traverse "^6.23.1"
    babel-types "^6.23.0"
    babylon "^6.11.0"
    convert-source-map "^1.1.0"
    debug "^2.1.1"
    json5 "^0.5.0"
    lodash "^4.2.0"
    minimatch "^3.0.2"
    path-is-absolute "^1.0.0"
    private "^0.1.6"
    slash "^1.0.0"
    source-map "^0.5.0"

babel-generator@^6.23.0:
  version "6.23.0"
  resolved "http://registry.npm.corp.qunar.com/babel-generator/download/babel-generator-6.23.0.tgz#6b8edab956ef3116f79d8c84c5a3c05f32a74bc5"
  dependencies:
    babel-messages "^6.23.0"
    babel-runtime "^6.22.0"
    babel-types "^6.23.0"
    detect-indent "^4.0.0"
    jsesc "^1.3.0"
    lodash "^4.2.0"
    source-map "^0.5.0"
    trim-right "^1.0.1"

babel-helper-bindify-decorators@^6.22.0:
  version "6.22.0"
  resolved "http://registry.npm.corp.qunar.com/babel-helper-bindify-decorators/download/babel-helper-bindify-decorators-6.22.0.tgz#d7f5bc261275941ac62acfc4e20dacfb8a3fe952"
  dependencies:
    babel-runtime "^6.22.0"
    babel-traverse "^6.22.0"
    babel-types "^6.22.0"

babel-helper-builder-binary-assignment-operator-visitor@^6.22.0:
  version "6.22.0"
  resolved "http://registry.npm.corp.qunar.com/babel-helper-builder-binary-assignment-operator-visitor/download/babel-helper-builder-binary-assignment-operator-visitor-6.22.0.tgz#29df56be144d81bdeac08262bfa41d2c5e91cdcd"
  dependencies:
    babel-helper-explode-assignable-expression "^6.22.0"
    babel-runtime "^6.22.0"
    babel-types "^6.22.0"

babel-helper-builder-react-jsx@^6.23.0:
  version "6.23.0"
  resolved "http://registry.npm.corp.qunar.com/babel-helper-builder-react-jsx/download/babel-helper-builder-react-jsx-6.23.0.tgz#d53fc8c996e0bc56d0de0fc4cc55a7138395ea4b"
  dependencies:
    babel-runtime "^6.22.0"
    babel-types "^6.23.0"
    esutils "^2.0.0"
    lodash "^4.2.0"

babel-helper-call-delegate@^6.22.0:
  version "6.22.0"
  resolved "http://registry.npm.corp.qunar.com/babel-helper-call-delegate/download/babel-helper-call-delegate-6.22.0.tgz#119921b56120f17e9dae3f74b4f5cc7bcc1b37ef"
  dependencies:
    babel-helper-hoist-variables "^6.22.0"
    babel-runtime "^6.22.0"
    babel-traverse "^6.22.0"
    babel-types "^6.22.0"

babel-helper-define-map@^6.23.0:
  version "6.23.0"
  resolved "http://registry.npm.corp.qunar.com/babel-helper-define-map/download/babel-helper-define-map-6.23.0.tgz#1444f960c9691d69a2ced6a205315f8fd00804e7"
  dependencies:
    babel-helper-function-name "^6.23.0"
    babel-runtime "^6.22.0"
    babel-types "^6.23.0"
    lodash "^4.2.0"

babel-helper-explode-assignable-expression@^6.22.0:
  version "6.22.0"
  resolved "http://registry.npm.corp.qunar.com/babel-helper-explode-assignable-expression/download/babel-helper-explode-assignable-expression-6.22.0.tgz#c97bf76eed3e0bae4048121f2b9dae1a4e7d0478"
  dependencies:
    babel-runtime "^6.22.0"
    babel-traverse "^6.22.0"
    babel-types "^6.22.0"

babel-helper-explode-class@^6.22.0:
  version "6.22.0"
  resolved "http://registry.npm.corp.qunar.com/babel-helper-explode-class/download/babel-helper-explode-class-6.22.0.tgz#646304924aa6388a516843ba7f1855ef8dfeb69b"
  dependencies:
    babel-helper-bindify-decorators "^6.22.0"
    babel-runtime "^6.22.0"
    babel-traverse "^6.22.0"
    babel-types "^6.22.0"

babel-helper-function-name@^6.22.0, babel-helper-function-name@^6.23.0:
  version "6.23.0"
  resolved "http://registry.npm.corp.qunar.com/babel-helper-function-name/download/babel-helper-function-name-6.23.0.tgz#25742d67175c8903dbe4b6cb9d9e1fcb8dcf23a6"
  dependencies:
    babel-helper-get-function-arity "^6.22.0"
    babel-runtime "^6.22.0"
    babel-template "^6.23.0"
    babel-traverse "^6.23.0"
    babel-types "^6.23.0"

babel-helper-get-function-arity@^6.22.0:
  version "6.22.0"
  resolved "http://registry.npm.corp.qunar.com/babel-helper-get-function-arity/download/babel-helper-get-function-arity-6.22.0.tgz#0beb464ad69dc7347410ac6ade9f03a50634f5ce"
  dependencies:
    babel-runtime "^6.22.0"
    babel-types "^6.22.0"

babel-helper-hoist-variables@^6.22.0:
  version "6.22.0"
  resolved "http://registry.npm.corp.qunar.com/babel-helper-hoist-variables/download/babel-helper-hoist-variables-6.22.0.tgz#3eacbf731d80705845dd2e9718f600cfb9b4ba72"
  dependencies:
    babel-runtime "^6.22.0"
    babel-types "^6.22.0"

babel-helper-optimise-call-expression@^6.23.0:
  version "6.23.0"
  resolved "http://registry.npm.corp.qunar.com/babel-helper-optimise-call-expression/download/babel-helper-optimise-call-expression-6.23.0.tgz#f3ee7eed355b4282138b33d02b78369e470622f5"
  dependencies:
    babel-runtime "^6.22.0"
    babel-types "^6.23.0"

babel-helper-regex@^6.22.0:
  version "6.22.0"
  resolved "http://registry.npm.corp.qunar.com/babel-helper-regex/download/babel-helper-regex-6.22.0.tgz#79f532be1647b1f0ee3474b5f5c3da58001d247d"
  dependencies:
    babel-runtime "^6.22.0"
    babel-types "^6.22.0"
    lodash "^4.2.0"

babel-helper-remap-async-to-generator@^6.22.0:
  version "6.22.0"
  resolved "http://registry.npm.corp.qunar.com/babel-helper-remap-async-to-generator/download/babel-helper-remap-async-to-generator-6.22.0.tgz#2186ae73278ed03b8b15ced089609da981053383"
  dependencies:
    babel-helper-function-name "^6.22.0"
    babel-runtime "^6.22.0"
    babel-template "^6.22.0"
    babel-traverse "^6.22.0"
    babel-types "^6.22.0"

babel-helper-replace-supers@^6.22.0, babel-helper-replace-supers@^6.23.0:
  version "6.23.0"
  resolved "http://registry.npm.corp.qunar.com/babel-helper-replace-supers/download/babel-helper-replace-supers-6.23.0.tgz#eeaf8ad9b58ec4337ca94223bacdca1f8d9b4bfd"
  dependencies:
    babel-helper-optimise-call-expression "^6.23.0"
    babel-messages "^6.23.0"
    babel-runtime "^6.22.0"
    babel-template "^6.23.0"
    babel-traverse "^6.23.0"
    babel-types "^6.23.0"

babel-helpers@^6.23.0:
  version "6.23.0"
  resolved "http://registry.npm.corp.qunar.com/babel-helpers/download/babel-helpers-6.23.0.tgz#4f8f2e092d0b6a8808a4bde79c27f1e2ecf0d992"
  dependencies:
    babel-runtime "^6.22.0"
    babel-template "^6.23.0"

babel-loader@^6.3.2:
  version "6.3.2"
  resolved "http://registry.npm.corp.qunar.com/babel-loader/download/babel-loader-6.3.2.tgz#18de4566385578c1b4f8ffe6cbc668f5e2a5ef03"
  dependencies:
    find-cache-dir "^0.1.1"
    loader-utils "^0.2.16"
    mkdirp "^0.5.1"
    object-assign "^4.0.1"

babel-messages@^6.23.0:
  version "6.23.0"
  resolved "http://registry.npm.corp.qunar.com/babel-messages/download/babel-messages-6.23.0.tgz#f3cdf4703858035b2a2951c6ec5edf6c62f2630e"
  dependencies:
    babel-runtime "^6.22.0"

babel-plugin-check-es2015-constants@^6.22.0:
  version "6.22.0"
  resolved "http://registry.npm.corp.qunar.com/babel-plugin-check-es2015-constants/download/babel-plugin-check-es2015-constants-6.22.0.tgz#35157b101426fd2ffd3da3f75c7d1e91835bbf8a"
  dependencies:
    babel-runtime "^6.22.0"

babel-plugin-syntax-async-functions@^6.8.0:
  version "6.13.0"
  resolved "http://registry.npm.corp.qunar.com/babel-plugin-syntax-async-functions/download/babel-plugin-syntax-async-functions-6.13.0.tgz#cad9cad1191b5ad634bf30ae0872391e0647be95"

babel-plugin-syntax-async-generators@^6.5.0:
  version "6.13.0"
  resolved "http://registry.npm.corp.qunar.com/babel-plugin-syntax-async-generators/download/babel-plugin-syntax-async-generators-6.13.0.tgz#6bc963ebb16eccbae6b92b596eb7f35c342a8b9a"

babel-plugin-syntax-class-constructor-call@^6.18.0:
  version "6.18.0"
  resolved "http://registry.npm.corp.qunar.com/babel-plugin-syntax-class-constructor-call/download/babel-plugin-syntax-class-constructor-call-6.18.0.tgz#9cb9d39fe43c8600bec8146456ddcbd4e1a76416"

babel-plugin-syntax-class-properties@^6.8.0:
  version "6.13.0"
  resolved "http://registry.npm.corp.qunar.com/babel-plugin-syntax-class-properties/download/babel-plugin-syntax-class-properties-6.13.0.tgz#d7eb23b79a317f8543962c505b827c7d6cac27de"

babel-plugin-syntax-decorators@^6.13.0:
  version "6.13.0"
  resolved "http://registry.npm.corp.qunar.com/babel-plugin-syntax-decorators/download/babel-plugin-syntax-decorators-6.13.0.tgz#312563b4dbde3cc806cee3e416cceeaddd11ac0b"

babel-plugin-syntax-do-expressions@^6.8.0:
  version "6.13.0"
  resolved "http://registry.npm.corp.qunar.com/babel-plugin-syntax-do-expressions/download/babel-plugin-syntax-do-expressions-6.13.0.tgz#5747756139aa26d390d09410b03744ba07e4796d"

babel-plugin-syntax-dynamic-import@^6.18.0:
  version "6.18.0"
  resolved "http://registry.npm.corp.qunar.com/babel-plugin-syntax-dynamic-import/download/babel-plugin-syntax-dynamic-import-6.18.0.tgz#8d6a26229c83745a9982a441051572caa179b1da"

babel-plugin-syntax-exponentiation-operator@^6.8.0:
  version "6.13.0"
  resolved "http://registry.npm.corp.qunar.com/babel-plugin-syntax-exponentiation-operator/download/babel-plugin-syntax-exponentiation-operator-6.13.0.tgz#9ee7e8337290da95288201a6a57f4170317830de"

babel-plugin-syntax-export-extensions@^6.8.0:
  version "6.13.0"
  resolved "http://registry.npm.corp.qunar.com/babel-plugin-syntax-export-extensions/download/babel-plugin-syntax-export-extensions-6.13.0.tgz#70a1484f0f9089a4e84ad44bac353c95b9b12721"

babel-plugin-syntax-flow@^6.18.0:
  version "6.18.0"
  resolved "http://registry.npm.corp.qunar.com/babel-plugin-syntax-flow/download/babel-plugin-syntax-flow-6.18.0.tgz#4c3ab20a2af26aa20cd25995c398c4eb70310c8d"

babel-plugin-syntax-function-bind@^6.8.0:
  version "6.13.0"
  resolved "http://registry.npm.corp.qunar.com/babel-plugin-syntax-function-bind/download/babel-plugin-syntax-function-bind-6.13.0.tgz#48c495f177bdf31a981e732f55adc0bdd2601f46"

babel-plugin-syntax-jsx@^6.3.13, babel-plugin-syntax-jsx@^6.8.0:
  version "6.18.0"
  resolved "http://registry.npm.corp.qunar.com/babel-plugin-syntax-jsx/download/babel-plugin-syntax-jsx-6.18.0.tgz#0af32a9a6e13ca7a3fd5069e62d7b0f58d0d8946"

babel-plugin-syntax-object-rest-spread@^6.8.0:
  version "6.13.0"
  resolved "http://registry.npm.corp.qunar.com/babel-plugin-syntax-object-rest-spread/download/babel-plugin-syntax-object-rest-spread-6.13.0.tgz#fd6536f2bce13836ffa3a5458c4903a597bb3bf5"

babel-plugin-syntax-trailing-function-commas@^6.22.0:
  version "6.22.0"
  resolved "http://registry.npm.corp.qunar.com/babel-plugin-syntax-trailing-function-commas/download/babel-plugin-syntax-trailing-function-commas-6.22.0.tgz#ba0360937f8d06e40180a43fe0d5616fff532cf3"

babel-plugin-transform-async-generator-functions@^6.22.0:
  version "6.22.0"
  resolved "http://registry.npm.corp.qunar.com/babel-plugin-transform-async-generator-functions/download/babel-plugin-transform-async-generator-functions-6.22.0.tgz#a720a98153a7596f204099cd5409f4b3c05bab46"
  dependencies:
    babel-helper-remap-async-to-generator "^6.22.0"
    babel-plugin-syntax-async-generators "^6.5.0"
    babel-runtime "^6.22.0"

babel-plugin-transform-async-to-generator@^6.22.0:
  version "6.22.0"
  resolved "http://registry.npm.corp.qunar.com/babel-plugin-transform-async-to-generator/download/babel-plugin-transform-async-to-generator-6.22.0.tgz#194b6938ec195ad36efc4c33a971acf00d8cd35e"
  dependencies:
    babel-helper-remap-async-to-generator "^6.22.0"
    babel-plugin-syntax-async-functions "^6.8.0"
    babel-runtime "^6.22.0"

babel-plugin-transform-class-constructor-call@^6.22.0:
  version "6.22.0"
  resolved "http://registry.npm.corp.qunar.com/babel-plugin-transform-class-constructor-call/download/babel-plugin-transform-class-constructor-call-6.22.0.tgz#11a4d2216abb5b0eef298b493748f4f2f4869120"
  dependencies:
    babel-plugin-syntax-class-constructor-call "^6.18.0"
    babel-runtime "^6.22.0"
    babel-template "^6.22.0"

babel-plugin-transform-class-properties@^6.22.0:
  version "6.23.0"
  resolved "http://registry.npm.corp.qunar.com/babel-plugin-transform-class-properties/download/babel-plugin-transform-class-properties-6.23.0.tgz#187b747ee404399013563c993db038f34754ac3b"
  dependencies:
    babel-helper-function-name "^6.23.0"
    babel-plugin-syntax-class-properties "^6.8.0"
    babel-runtime "^6.22.0"
    babel-template "^6.23.0"

babel-plugin-transform-decorators@^6.22.0:
  version "6.22.0"
  resolved "http://registry.npm.corp.qunar.com/babel-plugin-transform-decorators/download/babel-plugin-transform-decorators-6.22.0.tgz#c03635b27a23b23b7224f49232c237a73988d27c"
  dependencies:
    babel-helper-explode-class "^6.22.0"
    babel-plugin-syntax-decorators "^6.13.0"
    babel-runtime "^6.22.0"
    babel-template "^6.22.0"
    babel-types "^6.22.0"

babel-plugin-transform-do-expressions@^6.22.0:
  version "6.22.0"
  resolved "http://registry.npm.corp.qunar.com/babel-plugin-transform-do-expressions/download/babel-plugin-transform-do-expressions-6.22.0.tgz#28ccaf92812d949c2cd1281f690c8fdc468ae9bb"
  dependencies:
    babel-plugin-syntax-do-expressions "^6.8.0"
    babel-runtime "^6.22.0"

babel-plugin-transform-es2015-arrow-functions@^6.22.0:
  version "6.22.0"
  resolved "http://registry.npm.corp.qunar.com/babel-plugin-transform-es2015-arrow-functions/download/babel-plugin-transform-es2015-arrow-functions-6.22.0.tgz#452692cb711d5f79dc7f85e440ce41b9f244d221"
  dependencies:
    babel-runtime "^6.22.0"

babel-plugin-transform-es2015-block-scoped-functions@^6.22.0:
  version "6.22.0"
  resolved "http://registry.npm.corp.qunar.com/babel-plugin-transform-es2015-block-scoped-functions/download/babel-plugin-transform-es2015-block-scoped-functions-6.22.0.tgz#bbc51b49f964d70cb8d8e0b94e820246ce3a6141"
  dependencies:
    babel-runtime "^6.22.0"

babel-plugin-transform-es2015-block-scoping@^6.22.0:
  version "6.23.0"
  resolved "http://registry.npm.corp.qunar.com/babel-plugin-transform-es2015-block-scoping/download/babel-plugin-transform-es2015-block-scoping-6.23.0.tgz#e48895cf0b375be148cd7c8879b422707a053b51"
  dependencies:
    babel-runtime "^6.22.0"
    babel-template "^6.23.0"
    babel-traverse "^6.23.0"
    babel-types "^6.23.0"
    lodash "^4.2.0"

babel-plugin-transform-es2015-classes@^6.22.0:
  version "6.23.0"
  resolved "http://registry.npm.corp.qunar.com/babel-plugin-transform-es2015-classes/download/babel-plugin-transform-es2015-classes-6.23.0.tgz#49b53f326202a2fd1b3bbaa5e2edd8a4f78643c1"
  dependencies:
    babel-helper-define-map "^6.23.0"
    babel-helper-function-name "^6.23.0"
    babel-helper-optimise-call-expression "^6.23.0"
    babel-helper-replace-supers "^6.23.0"
    babel-messages "^6.23.0"
    babel-runtime "^6.22.0"
    babel-template "^6.23.0"
    babel-traverse "^6.23.0"
    babel-types "^6.23.0"

babel-plugin-transform-es2015-computed-properties@^6.22.0:
  version "6.22.0"
  resolved "http://registry.npm.corp.qunar.com/babel-plugin-transform-es2015-computed-properties/download/babel-plugin-transform-es2015-computed-properties-6.22.0.tgz#7c383e9629bba4820c11b0425bdd6290f7f057e7"
  dependencies:
    babel-runtime "^6.22.0"
    babel-template "^6.22.0"

babel-plugin-transform-es2015-destructuring@^6.22.0:
  version "6.23.0"
  resolved "http://registry.npm.corp.qunar.com/babel-plugin-transform-es2015-destructuring/download/babel-plugin-transform-es2015-destructuring-6.23.0.tgz#997bb1f1ab967f682d2b0876fe358d60e765c56d"
  dependencies:
    babel-runtime "^6.22.0"

babel-plugin-transform-es2015-duplicate-keys@^6.22.0:
  version "6.22.0"
  resolved "http://registry.npm.corp.qunar.com/babel-plugin-transform-es2015-duplicate-keys/download/babel-plugin-transform-es2015-duplicate-keys-6.22.0.tgz#672397031c21610d72dd2bbb0ba9fb6277e1c36b"
  dependencies:
    babel-runtime "^6.22.0"
    babel-types "^6.22.0"

babel-plugin-transform-es2015-for-of@^6.22.0:
  version "6.23.0"
  resolved "http://registry.npm.corp.qunar.com/babel-plugin-transform-es2015-for-of/download/babel-plugin-transform-es2015-for-of-6.23.0.tgz#f47c95b2b613df1d3ecc2fdb7573623c75248691"
  dependencies:
    babel-runtime "^6.22.0"

babel-plugin-transform-es2015-function-name@^6.22.0:
  version "6.22.0"
  resolved "http://registry.npm.corp.qunar.com/babel-plugin-transform-es2015-function-name/download/babel-plugin-transform-es2015-function-name-6.22.0.tgz#f5fcc8b09093f9a23c76ac3d9e392c3ec4b77104"
  dependencies:
    babel-helper-function-name "^6.22.0"
    babel-runtime "^6.22.0"
    babel-types "^6.22.0"

babel-plugin-transform-es2015-literals@^6.22.0:
  version "6.22.0"
  resolved "http://registry.npm.corp.qunar.com/babel-plugin-transform-es2015-literals/download/babel-plugin-transform-es2015-literals-6.22.0.tgz#4f54a02d6cd66cf915280019a31d31925377ca2e"
  dependencies:
    babel-runtime "^6.22.0"

babel-plugin-transform-es2015-modules-amd@^6.22.0:
  version "6.22.0"
  resolved "http://registry.npm.corp.qunar.com/babel-plugin-transform-es2015-modules-amd/download/babel-plugin-transform-es2015-modules-amd-6.22.0.tgz#bf69cd34889a41c33d90dfb740e0091ccff52f21"
  dependencies:
    babel-plugin-transform-es2015-modules-commonjs "^6.22.0"
    babel-runtime "^6.22.0"
    babel-template "^6.22.0"

babel-plugin-transform-es2015-modules-commonjs@^6.22.0:
  version "6.23.0"
  resolved "http://registry.npm.corp.qunar.com/babel-plugin-transform-es2015-modules-commonjs/download/babel-plugin-transform-es2015-modules-commonjs-6.23.0.tgz#cba7aa6379fb7ec99250e6d46de2973aaffa7b92"
  dependencies:
    babel-plugin-transform-strict-mode "^6.22.0"
    babel-runtime "^6.22.0"
    babel-template "^6.23.0"
    babel-types "^6.23.0"

babel-plugin-transform-es2015-modules-systemjs@^6.22.0:
  version "6.23.0"
  resolved "http://registry.npm.corp.qunar.com/babel-plugin-transform-es2015-modules-systemjs/download/babel-plugin-transform-es2015-modules-systemjs-6.23.0.tgz#ae3469227ffac39b0310d90fec73bfdc4f6317b0"
  dependencies:
    babel-helper-hoist-variables "^6.22.0"
    babel-runtime "^6.22.0"
    babel-template "^6.23.0"

babel-plugin-transform-es2015-modules-umd@^6.22.0:
  version "6.23.0"
  resolved "http://registry.npm.corp.qunar.com/babel-plugin-transform-es2015-modules-umd/download/babel-plugin-transform-es2015-modules-umd-6.23.0.tgz#8d284ae2e19ed8fe21d2b1b26d6e7e0fcd94f0f1"
  dependencies:
    babel-plugin-transform-es2015-modules-amd "^6.22.0"
    babel-runtime "^6.22.0"
    babel-template "^6.23.0"

babel-plugin-transform-es2015-object-super@^6.22.0:
  version "6.22.0"
  resolved "http://registry.npm.corp.qunar.com/babel-plugin-transform-es2015-object-super/download/babel-plugin-transform-es2015-object-super-6.22.0.tgz#daa60e114a042ea769dd53fe528fc82311eb98fc"
  dependencies:
    babel-helper-replace-supers "^6.22.0"
    babel-runtime "^6.22.0"

babel-plugin-transform-es2015-parameters@^6.22.0:
  version "6.23.0"
  resolved "http://registry.npm.corp.qunar.com/babel-plugin-transform-es2015-parameters/download/babel-plugin-transform-es2015-parameters-6.23.0.tgz#3a2aabb70c8af945d5ce386f1a4250625a83ae3b"
  dependencies:
    babel-helper-call-delegate "^6.22.0"
    babel-helper-get-function-arity "^6.22.0"
    babel-runtime "^6.22.0"
    babel-template "^6.23.0"
    babel-traverse "^6.23.0"
    babel-types "^6.23.0"

babel-plugin-transform-es2015-shorthand-properties@^6.22.0:
  version "6.22.0"
  resolved "http://registry.npm.corp.qunar.com/babel-plugin-transform-es2015-shorthand-properties/download/babel-plugin-transform-es2015-shorthand-properties-6.22.0.tgz#8ba776e0affaa60bff21e921403b8a652a2ff723"
  dependencies:
    babel-runtime "^6.22.0"
    babel-types "^6.22.0"

babel-plugin-transform-es2015-spread@^6.22.0:
  version "6.22.0"
  resolved "http://registry.npm.corp.qunar.com/babel-plugin-transform-es2015-spread/download/babel-plugin-transform-es2015-spread-6.22.0.tgz#d6d68a99f89aedc4536c81a542e8dd9f1746f8d1"
  dependencies:
    babel-runtime "^6.22.0"

babel-plugin-transform-es2015-sticky-regex@^6.22.0:
  version "6.22.0"
  resolved "http://registry.npm.corp.qunar.com/babel-plugin-transform-es2015-sticky-regex/download/babel-plugin-transform-es2015-sticky-regex-6.22.0.tgz#ab316829e866ee3f4b9eb96939757d19a5bc4593"
  dependencies:
    babel-helper-regex "^6.22.0"
    babel-runtime "^6.22.0"
    babel-types "^6.22.0"

babel-plugin-transform-es2015-template-literals@^6.22.0:
  version "6.22.0"
  resolved "http://registry.npm.corp.qunar.com/babel-plugin-transform-es2015-template-literals/download/babel-plugin-transform-es2015-template-literals-6.22.0.tgz#a84b3450f7e9f8f1f6839d6d687da84bb1236d8d"
  dependencies:
    babel-runtime "^6.22.0"

babel-plugin-transform-es2015-typeof-symbol@^6.22.0:
  version "6.23.0"
  resolved "http://registry.npm.corp.qunar.com/babel-plugin-transform-es2015-typeof-symbol/download/babel-plugin-transform-es2015-typeof-symbol-6.23.0.tgz#dec09f1cddff94b52ac73d505c84df59dcceb372"
  dependencies:
    babel-runtime "^6.22.0"

babel-plugin-transform-es2015-unicode-regex@^6.22.0:
  version "6.22.0"
  resolved "http://registry.npm.corp.qunar.com/babel-plugin-transform-es2015-unicode-regex/download/babel-plugin-transform-es2015-unicode-regex-6.22.0.tgz#8d9cc27e7ee1decfe65454fb986452a04a613d20"
  dependencies:
    babel-helper-regex "^6.22.0"
    babel-runtime "^6.22.0"
    regexpu-core "^2.0.0"

babel-plugin-transform-exponentiation-operator@^6.22.0:
  version "6.22.0"
  resolved "http://registry.npm.corp.qunar.com/babel-plugin-transform-exponentiation-operator/download/babel-plugin-transform-exponentiation-operator-6.22.0.tgz#d57c8335281918e54ef053118ce6eb108468084d"
  dependencies:
    babel-helper-builder-binary-assignment-operator-visitor "^6.22.0"
    babel-plugin-syntax-exponentiation-operator "^6.8.0"
    babel-runtime "^6.22.0"

babel-plugin-transform-export-extensions@^6.22.0:
  version "6.22.0"
  resolved "http://registry.npm.corp.qunar.com/babel-plugin-transform-export-extensions/download/babel-plugin-transform-export-extensions-6.22.0.tgz#53738b47e75e8218589eea946cbbd39109bbe653"
  dependencies:
    babel-plugin-syntax-export-extensions "^6.8.0"
    babel-runtime "^6.22.0"

babel-plugin-transform-flow-strip-types@^6.22.0:
  version "6.22.0"
  resolved "http://registry.npm.corp.qunar.com/babel-plugin-transform-flow-strip-types/download/babel-plugin-transform-flow-strip-types-6.22.0.tgz#84cb672935d43714fdc32bce84568d87441cf7cf"
  dependencies:
    babel-plugin-syntax-flow "^6.18.0"
    babel-runtime "^6.22.0"

babel-plugin-transform-function-bind@^6.22.0:
  version "6.22.0"
  resolved "http://registry.npm.corp.qunar.com/babel-plugin-transform-function-bind/download/babel-plugin-transform-function-bind-6.22.0.tgz#c6fb8e96ac296a310b8cf8ea401462407ddf6a97"
  dependencies:
    babel-plugin-syntax-function-bind "^6.8.0"
    babel-runtime "^6.22.0"

babel-plugin-transform-object-rest-spread@^6.22.0:
  version "6.23.0"
  resolved "http://registry.npm.corp.qunar.com/babel-plugin-transform-object-rest-spread/download/babel-plugin-transform-object-rest-spread-6.23.0.tgz#875d6bc9be761c58a2ae3feee5dc4895d8c7f921"
  dependencies:
    babel-plugin-syntax-object-rest-spread "^6.8.0"
    babel-runtime "^6.22.0"

babel-plugin-transform-react-display-name@^6.23.0:
  version "6.23.0"
  resolved "http://registry.npm.corp.qunar.com/babel-plugin-transform-react-display-name/download/babel-plugin-transform-react-display-name-6.23.0.tgz#4398910c358441dc4cef18787264d0412ed36b37"
  dependencies:
    babel-runtime "^6.22.0"

babel-plugin-transform-react-jsx-self@^6.22.0:
  version "6.22.0"
  resolved "http://registry.npm.corp.qunar.com/babel-plugin-transform-react-jsx-self/download/babel-plugin-transform-react-jsx-self-6.22.0.tgz#df6d80a9da2612a121e6ddd7558bcbecf06e636e"
  dependencies:
    babel-plugin-syntax-jsx "^6.8.0"
    babel-runtime "^6.22.0"

babel-plugin-transform-react-jsx-source@^6.22.0:
  version "6.22.0"
  resolved "http://registry.npm.corp.qunar.com/babel-plugin-transform-react-jsx-source/download/babel-plugin-transform-react-jsx-source-6.22.0.tgz#66ac12153f5cd2d17b3c19268f4bf0197f44ecd6"
  dependencies:
    babel-plugin-syntax-jsx "^6.8.0"
    babel-runtime "^6.22.0"

babel-plugin-transform-react-jsx@^6.23.0:
  version "6.23.0"
  resolved "http://registry.npm.corp.qunar.com/babel-plugin-transform-react-jsx/download/babel-plugin-transform-react-jsx-6.23.0.tgz#23e892f7f2e759678eb5e4446a8f8e94e81b3470"
  dependencies:
    babel-helper-builder-react-jsx "^6.23.0"
    babel-plugin-syntax-jsx "^6.8.0"
    babel-runtime "^6.22.0"

babel-plugin-transform-regenerator@^6.22.0:
  version "6.22.0"
  resolved "http://registry.npm.corp.qunar.com/babel-plugin-transform-regenerator/download/babel-plugin-transform-regenerator-6.22.0.tgz#65740593a319c44522157538d690b84094617ea6"
  dependencies:
    regenerator-transform "0.9.8"

babel-plugin-transform-runtime@^6.23.0:
  version "6.23.0"
  resolved "http://registry.npm.corp.qunar.com/babel-plugin-transform-runtime/download/babel-plugin-transform-runtime-6.23.0.tgz#88490d446502ea9b8e7efb0fe09ec4d99479b1ee"
  dependencies:
    babel-runtime "^6.22.0"

babel-plugin-transform-strict-mode@^6.22.0:
  version "6.22.0"
  resolved "http://registry.npm.corp.qunar.com/babel-plugin-transform-strict-mode/download/babel-plugin-transform-strict-mode-6.22.0.tgz#e008df01340fdc87e959da65991b7e05970c8c7c"
  dependencies:
    babel-runtime "^6.22.0"
    babel-types "^6.22.0"

babel-preset-es2015@^6.22.0:
  version "6.22.0"
  resolved "http://registry.npm.corp.qunar.com/babel-preset-es2015/download/babel-preset-es2015-6.22.0.tgz#af5a98ecb35eb8af764ad8a5a05eb36dc4386835"
  dependencies:
    babel-plugin-check-es2015-constants "^6.22.0"
    babel-plugin-transform-es2015-arrow-functions "^6.22.0"
    babel-plugin-transform-es2015-block-scoped-functions "^6.22.0"
    babel-plugin-transform-es2015-block-scoping "^6.22.0"
    babel-plugin-transform-es2015-classes "^6.22.0"
    babel-plugin-transform-es2015-computed-properties "^6.22.0"
    babel-plugin-transform-es2015-destructuring "^6.22.0"
    babel-plugin-transform-es2015-duplicate-keys "^6.22.0"
    babel-plugin-transform-es2015-for-of "^6.22.0"
    babel-plugin-transform-es2015-function-name "^6.22.0"
    babel-plugin-transform-es2015-literals "^6.22.0"
    babel-plugin-transform-es2015-modules-amd "^6.22.0"
    babel-plugin-transform-es2015-modules-commonjs "^6.22.0"
    babel-plugin-transform-es2015-modules-systemjs "^6.22.0"
    babel-plugin-transform-es2015-modules-umd "^6.22.0"
    babel-plugin-transform-es2015-object-super "^6.22.0"
    babel-plugin-transform-es2015-parameters "^6.22.0"
    babel-plugin-transform-es2015-shorthand-properties "^6.22.0"
    babel-plugin-transform-es2015-spread "^6.22.0"
    babel-plugin-transform-es2015-sticky-regex "^6.22.0"
    babel-plugin-transform-es2015-template-literals "^6.22.0"
    babel-plugin-transform-es2015-typeof-symbol "^6.22.0"
    babel-plugin-transform-es2015-unicode-regex "^6.22.0"
    babel-plugin-transform-regenerator "^6.22.0"

babel-preset-es2017@^6.22.0:
  version "6.22.0"
  resolved "http://registry.npm.corp.qunar.com/babel-preset-es2017/download/babel-preset-es2017-6.22.0.tgz#de2f9da5a30c50d293fb54a0ba15d6ddc573f0f2"
  dependencies:
    babel-plugin-syntax-trailing-function-commas "^6.22.0"
    babel-plugin-transform-async-to-generator "^6.22.0"

babel-preset-flow@^6.23.0:
  version "6.23.0"
  resolved "http://registry.npm.corp.qunar.com/babel-preset-flow/download/babel-preset-flow-6.23.0.tgz#e71218887085ae9a24b5be4169affb599816c49d"
  dependencies:
    babel-plugin-transform-flow-strip-types "^6.22.0"

babel-preset-react@^6.23.0:
  version "6.23.0"
  resolved "http://registry.npm.corp.qunar.com/babel-preset-react/download/babel-preset-react-6.23.0.tgz#eb7cee4de98a3f94502c28565332da9819455195"
  dependencies:
    babel-plugin-syntax-jsx "^6.3.13"
    babel-plugin-transform-react-display-name "^6.23.0"
    babel-plugin-transform-react-jsx "^6.23.0"
    babel-plugin-transform-react-jsx-self "^6.22.0"
    babel-plugin-transform-react-jsx-source "^6.22.0"
    babel-preset-flow "^6.23.0"

babel-preset-stage-0@^6.22.0:
  version "6.22.0"
  resolved "http://registry.npm.corp.qunar.com/babel-preset-stage-0/download/babel-preset-stage-0-6.22.0.tgz#707eeb5b415da769eff9c42f4547f644f9296ef9"
  dependencies:
    babel-plugin-transform-do-expressions "^6.22.0"
    babel-plugin-transform-function-bind "^6.22.0"
    babel-preset-stage-1 "^6.22.0"

babel-preset-stage-1@^6.22.0:
  version "6.22.0"
  resolved "http://registry.npm.corp.qunar.com/babel-preset-stage-1/download/babel-preset-stage-1-6.22.0.tgz#7da05bffea6ad5a10aef93e320cfc6dd465dbc1a"
  dependencies:
    babel-plugin-transform-class-constructor-call "^6.22.0"
    babel-plugin-transform-export-extensions "^6.22.0"
    babel-preset-stage-2 "^6.22.0"

babel-preset-stage-2@^6.22.0:
  version "6.22.0"
  resolved "http://registry.npm.corp.qunar.com/babel-preset-stage-2/download/babel-preset-stage-2-6.22.0.tgz#ccd565f19c245cade394b21216df704a73b27c07"
  dependencies:
    babel-plugin-syntax-dynamic-import "^6.18.0"
    babel-plugin-transform-class-properties "^6.22.0"
    babel-plugin-transform-decorators "^6.22.0"
    babel-preset-stage-3 "^6.22.0"

babel-preset-stage-3@^6.22.0:
  version "6.22.0"
  resolved "http://registry.npm.corp.qunar.com/babel-preset-stage-3/download/babel-preset-stage-3-6.22.0.tgz#a4e92bbace7456fafdf651d7a7657ee0bbca9c2e"
  dependencies:
    babel-plugin-syntax-trailing-function-commas "^6.22.0"
    babel-plugin-transform-async-generator-functions "^6.22.0"
    babel-plugin-transform-async-to-generator "^6.22.0"
    babel-plugin-transform-exponentiation-operator "^6.22.0"
    babel-plugin-transform-object-rest-spread "^6.22.0"

babel-register@^6.23.0:
  version "6.23.0"
  resolved "http://registry.npm.corp.qunar.com/babel-register/download/babel-register-6.23.0.tgz#c9aa3d4cca94b51da34826c4a0f9e08145d74ff3"
  dependencies:
    babel-core "^6.23.0"
    babel-runtime "^6.22.0"
    core-js "^2.4.0"
    home-or-tmp "^2.0.0"
    lodash "^4.2.0"
    mkdirp "^0.5.1"
    source-map-support "^0.4.2"

babel-runtime@^6.18.0, babel-runtime@^6.22.0, babel-runtime@^6.23.0:
  version "6.23.0"
  resolved "http://registry.npm.corp.qunar.com/babel-runtime/download/babel-runtime-6.23.0.tgz#0a9489f144de70efb3ce4300accdb329e2fc543b"
  dependencies:
    core-js "^2.4.0"
    regenerator-runtime "^0.10.0"

babel-template@^6.22.0, babel-template@^6.23.0:
  version "6.23.0"
  resolved "http://registry.npm.corp.qunar.com/babel-template/download/babel-template-6.23.0.tgz#04d4f270adbb3aa704a8143ae26faa529238e638"
  dependencies:
    babel-runtime "^6.22.0"
    babel-traverse "^6.23.0"
    babel-types "^6.23.0"
    babylon "^6.11.0"
    lodash "^4.2.0"

babel-traverse@^6.22.0, babel-traverse@^6.23.0, babel-traverse@^6.23.1:
  version "6.23.1"
  resolved "http://registry.npm.corp.qunar.com/babel-traverse/download/babel-traverse-6.23.1.tgz#d3cb59010ecd06a97d81310065f966b699e14f48"
  dependencies:
    babel-code-frame "^6.22.0"
    babel-messages "^6.23.0"
    babel-runtime "^6.22.0"
    babel-types "^6.23.0"
    babylon "^6.15.0"
    debug "^2.2.0"
    globals "^9.0.0"
    invariant "^2.2.0"
    lodash "^4.2.0"

babel-types@^6.19.0, babel-types@^6.22.0, babel-types@^6.23.0:
  version "6.23.0"
  resolved "http://registry.npm.corp.qunar.com/babel-types/download/babel-types-6.23.0.tgz#bb17179d7538bad38cd0c9e115d340f77e7e9acf"
  dependencies:
    babel-runtime "^6.22.0"
    esutils "^2.0.2"
    lodash "^4.2.0"
    to-fast-properties "^1.0.1"

babylon@^6.11.0, babylon@^6.15.0:
  version "6.16.1"
  resolved "http://registry.npm.corp.qunar.com/babylon/download/babylon-6.16.1.tgz#30c5a22f481978a9e7f8cdfdf496b11d94b404d3"

balanced-match@^0.4.1:
  version "0.4.2"
  resolved "http://registry.npm.corp.qunar.com/balanced-match/download/balanced-match-0.4.2.tgz#cb3f3e3c732dc0f01ee70b403f302e61d7709838"

big.js@^3.1.3:
  version "3.1.3"
  resolved "http://registry.npm.corp.qunar.com/big.js/download/big.js-3.1.3.tgz#4cada2193652eb3ca9ec8e55c9015669c9806978"

brace-expansion@^1.0.0:
  version "1.1.6"
  resolved "http://registry.npm.corp.qunar.com/brace-expansion/download/brace-expansion-1.1.6.tgz#7197d7eaa9b87e648390ea61fc66c84427420df9"
  dependencies:
    balanced-match "^0.4.1"
    concat-map "0.0.1"

chalk@^1.1.0:
  version "1.1.3"
  resolved "http://registry.npm.corp.qunar.com/chalk/download/chalk-1.1.3.tgz#a8115c55e4a702fe4d150abd3872822a7e09fc98"
  dependencies:
    ansi-styles "^2.2.1"
    escape-string-regexp "^1.0.2"
    has-ansi "^2.0.0"
    strip-ansi "^3.0.0"
    supports-color "^2.0.0"

commondir@^1.0.1:
  version "1.0.1"
  resolved "http://registry.npm.corp.qunar.com/commondir/download/commondir-1.0.1.tgz#ddd800da0c66127393cca5950ea968a3aaf1253b"

concat-map@0.0.1:
  version "0.0.1"
  resolved "http://registry.npm.corp.qunar.com/concat-map/download/concat-map-0.0.1.tgz#d8a96bd77fd68df7793a73036a3ba0d5405d477b"

convert-source-map@^1.1.0:
  version "1.4.0"
  resolved "http://registry.npm.corp.qunar.com/convert-source-map/download/convert-source-map-1.4.0.tgz#e3dad195bf61bfe13a7a3c73e9876ec14a0268f3"

core-js@^1.0.0:
  version "1.2.7"
  resolved "http://registry.npm.corp.qunar.com/core-js/download/core-js-1.2.7.tgz#652294c14651db28fa93bd2d5ff2983a4f08c636"

core-js@^2.4.0:
  version "2.4.1"
  resolved "http://registry.npm.corp.qunar.com/core-js/download/core-js-2.4.1.tgz#4de911e667b0eae9124e34254b53aea6fc618d3e"

debug@^2.1.1, debug@^2.2.0:
  version "2.6.1"
  resolved "http://registry.npm.corp.qunar.com/debug/download/debug-2.6.1.tgz#79855090ba2c4e3115cc7d8769491d58f0491351"
  dependencies:
    ms "0.7.2"

detect-indent@^4.0.0:
  version "4.0.0"
  resolved "http://registry.npm.corp.qunar.com/detect-indent/download/detect-indent-4.0.0.tgz#f76d064352cdf43a1cb6ce619c4ee3a9475de208"
  dependencies:
    repeating "^2.0.0"

emojis-list@^2.0.0:
  version "2.1.0"
  resolved "http://registry.npm.corp.qunar.com/emojis-list/download/emojis-list-2.1.0.tgz#4daa4d9db00f9819880c79fa457ae5b09a1fd389"

encoding@^0.1.11:
  version "0.1.12"
  resolved "http://registry.npm.corp.qunar.com/encoding/download/encoding-0.1.12.tgz#538b66f3ee62cd1ab51ec323829d1f9480c74beb"
  dependencies:
    iconv-lite "~0.4.13"

escape-string-regexp@^1.0.2:
  version "1.0.5"
  resolved "http://registry.npm.corp.qunar.com/escape-string-regexp/download/escape-string-regexp-1.0.5.tgz#1b61c0562190a8dff6ae3bb2cf0200ca130b86d4"

esutils@^2.0.0, esutils@^2.0.2:
  version "2.0.2"
  resolved "http://registry.npm.corp.qunar.com/esutils/download/esutils-2.0.2.tgz#0abf4f1caa5bcb1f7a9d8acc6dea4faaa04bac9b"

extend@^3.0.0:
  version "3.0.0"
  resolved "http://registry.npm.corp.qunar.com/extend/download/extend-3.0.0.tgz#5a474353b9f3353ddd8176dfd37b91c83a46f1d4"

fbjs@^0.8.1, fbjs@^0.8.4:
  version "0.8.9"
  resolved "http://registry.npm.corp.qunar.com/fbjs/download/fbjs-0.8.9.tgz#180247fbd347dcc9004517b904f865400a0c8f14"
  dependencies:
    core-js "^1.0.0"
    isomorphic-fetch "^2.1.1"
    loose-envify "^1.0.0"
    object-assign "^4.1.0"
    promise "^7.1.1"
    setimmediate "^1.0.5"
    ua-parser-js "^0.7.9"

find-cache-dir@^0.1.1:
  version "0.1.1"
  resolved "http://registry.npm.corp.qunar.com/find-cache-dir/download/find-cache-dir-0.1.1.tgz#c8defae57c8a52a8a784f9e31c57c742e993a0b9"
  dependencies:
    commondir "^1.0.1"
    mkdirp "^0.5.1"
    pkg-dir "^1.0.0"

find-up@^1.0.0:
  version "1.1.2"
  resolved "http://registry.npm.corp.qunar.com/find-up/download/find-up-1.1.2.tgz#6b2e9822b1a2ce0a60ab64d610eccad53cb24d0f"
  dependencies:
    path-exists "^2.0.0"
    pinkie-promise "^2.0.0"

globals@^9.0.0:
  version "9.16.0"
  resolved "http://registry.npm.corp.qunar.com/globals/download/globals-9.16.0.tgz#63e903658171ec2d9f51b1d31de5e2b8dc01fb80"

happypack@^3.0.2:
  version "3.0.3"
  resolved "http://registry.npm.corp.qunar.com/happypack/download/happypack-3.0.3.tgz#22f78c87a325cdb798c958cf4ec383fcd4d6fdc7"
  dependencies:
    async "1.5.0"
    json-stringify-safe "5.0.1"
    loader-utils "0.2.16"
    mkdirp "0.5.1"

has-ansi@^2.0.0:
  version "2.0.0"
  resolved "http://registry.npm.corp.qunar.com/has-ansi/download/has-ansi-2.0.0.tgz#34f5049ce1ecdf2b0649af3ef24e45ed35416d91"
  dependencies:
    ansi-regex "^2.0.0"

home-or-tmp@^2.0.0:
  version "2.0.0"
  resolved "http://registry.npm.corp.qunar.com/home-or-tmp/download/home-or-tmp-2.0.0.tgz#e36c3f2d2cae7d746a857e38d18d5f32a7882db8"
  dependencies:
    os-homedir "^1.0.0"
    os-tmpdir "^1.0.1"

iconv-lite@~0.4.13:
  version "0.4.15"
  resolved "http://registry.npm.corp.qunar.com/iconv-lite/download/iconv-lite-0.4.15.tgz#fe265a218ac6a57cfe854927e9d04c19825eddeb"

invariant@^2.2.0:
  version "2.2.2"
  resolved "http://registry.npm.corp.qunar.com/invariant/download/invariant-2.2.2.tgz#9e1f56ac0acdb6bf303306f338be3b204ae60360"
  dependencies:
    loose-envify "^1.0.0"

is-finite@^1.0.0:
  version "1.0.2"
  resolved "http://registry.npm.corp.qunar.com/is-finite/download/is-finite-1.0.2.tgz#cc6677695602be550ef11e8b4aa6305342b6d0aa"
  dependencies:
    number-is-nan "^1.0.0"

is-stream@^1.0.1:
  version "1.1.0"
  resolved "http://registry.npm.corp.qunar.com/is-stream/download/is-stream-1.1.0.tgz#12d4a3dd4e68e0b79ceb8dbc84173ae80d91ca44"

isomorphic-fetch@^2.1.1:
  version "2.2.1"
  resolved "http://registry.npm.corp.qunar.com/isomorphic-fetch/download/isomorphic-fetch-2.2.1.tgz#611ae1acf14f5e81f729507472819fe9733558a9"
  dependencies:
    node-fetch "^1.0.1"
    whatwg-fetch ">=0.10.0"

js-tokens@^3.0.0:
  version "3.0.1"
  resolved "http://registry.npm.corp.qunar.com/js-tokens/download/js-tokens-3.0.1.tgz#08e9f132484a2c45a30907e9dc4d5567b7f114d7"

jsesc@^1.3.0:
  version "1.3.0"
  resolved "http://registry.npm.corp.qunar.com/jsesc/download/jsesc-1.3.0.tgz#46c3fec8c1892b12b0833db9bc7622176dbab34b"

jsesc@~0.5.0:
  version "0.5.0"
  resolved "http://registry.npm.corp.qunar.com/jsesc/download/jsesc-0.5.0.tgz#e7dee66e35d6fc16f710fe91d5cf69f70f08911d"

json-stringify-safe@5.0.1:
  version "5.0.1"
  resolved "http://registry.npm.corp.qunar.com/json-stringify-safe/download/json-stringify-safe-5.0.1.tgz#1296a2d58fd45f19a0f6ce01d65701e2c735b6eb"

json5@^0.5.0:
  version "0.5.1"
  resolved "http://registry.npm.corp.qunar.com/json5/download/json5-0.5.1.tgz#1eade7acc012034ad84e2396767ead9fa5495821"

loader-utils@0.2.16, loader-utils@^0.2.16:
  version "0.2.16"
  resolved "http://registry.npm.corp.qunar.com/loader-utils/download/loader-utils-0.2.16.tgz#f08632066ed8282835dff88dfb52704765adee6d"
  dependencies:
    big.js "^3.1.3"
    emojis-list "^2.0.0"
    json5 "^0.5.0"
    object-assign "^4.0.1"

lodash@^4.2.0:
  version "4.17.4"
  resolved "http://registry.npm.corp.qunar.com/lodash/download/lodash-4.17.4.tgz#78203a4d1c328ae1d86dca6460e369b57f4055ae"

loose-envify@^1.0.0, loose-envify@^1.1.0:
  version "1.3.1"
  resolved "http://registry.npm.corp.qunar.com/loose-envify/download/loose-envify-1.3.1.tgz#d1a8ad33fa9ce0e713d65fdd0ac8b748d478c848"
  dependencies:
    js-tokens "^3.0.0"

minimatch@^3.0.2:
  version "3.0.3"
  resolved "http://registry.npm.corp.qunar.com/minimatch/download/minimatch-3.0.3.tgz#2a4e4090b96b2db06a9d7df01055a62a77c9b774"
  dependencies:
    brace-expansion "^1.0.0"

minimist@0.0.8:
  version "0.0.8"
  resolved "http://registry.npm.corp.qunar.com/minimist/download/minimist-0.0.8.tgz#857fcabfc3397d2625b8228262e86aa7a011b05d"

mkdirp@0.5.1, mkdirp@^0.5.1:
  version "0.5.1"
  resolved "http://registry.npm.corp.qunar.com/mkdirp/download/mkdirp-0.5.1.tgz#30057438eac6cf7f8c4767f38648d6697d75c903"
  dependencies:
    minimist "0.0.8"

ms@0.7.2:
  version "0.7.2"
  resolved "http://registry.npm.corp.qunar.com/ms/download/ms-0.7.2.tgz#ae25cf2512b3885a1d95d7f037868d8431124765"

node-fetch@^1.0.1:
  version "1.6.3"
  resolved "http://registry.npm.corp.qunar.com/node-fetch/download/node-fetch-1.6.3.tgz#dc234edd6489982d58e8f0db4f695029abcd8c04"
  dependencies:
    encoding "^0.1.11"
    is-stream "^1.0.1"

number-is-nan@^1.0.0:
  version "1.0.1"
  resolved "http://registry.npm.corp.qunar.com/number-is-nan/download/number-is-nan-1.0.1.tgz#097b602b53422a522c1afb8790318336941a011d"

object-assign@^4.0.1, object-assign@^4.1.0:
  version "4.1.1"
  resolved "http://registry.npm.corp.qunar.com/object-assign/download/object-assign-4.1.1.tgz#2109adc7965887cfc05cbbd442cac8bfbb360863"

os-homedir@^1.0.0:
  version "1.0.2"
  resolved "http://registry.npm.corp.qunar.com/os-homedir/download/os-homedir-1.0.2.tgz#ffbc4988336e0e833de0c168c7ef152121aa7fb3"

os-tmpdir@^1.0.1:
  version "1.0.2"
  resolved "http://registry.npm.corp.qunar.com/os-tmpdir/download/os-tmpdir-1.0.2.tgz#bbe67406c79aa85c5cfec766fe5734555dfa1274"

path-exists@^2.0.0:
  version "2.1.0"
  resolved "http://registry.npm.corp.qunar.com/path-exists/download/path-exists-2.1.0.tgz#0feb6c64f0fc518d9a754dd5efb62c7022761f4b"
  dependencies:
    pinkie-promise "^2.0.0"

path-is-absolute@^1.0.0:
  version "1.0.1"
  resolved "http://registry.npm.corp.qunar.com/path-is-absolute/download/path-is-absolute-1.0.1.tgz#174b9268735534ffbc7ace6bf53a5a9e1b5c5f5f"

pinkie-promise@^2.0.0:
  version "2.0.1"
  resolved "http://registry.npm.corp.qunar.com/pinkie-promise/download/pinkie-promise-2.0.1.tgz#2135d6dfa7a358c069ac9b178776288228450ffa"
  dependencies:
    pinkie "^2.0.0"

pinkie@^2.0.0:
  version "2.0.4"
  resolved "http://registry.npm.corp.qunar.com/pinkie/download/pinkie-2.0.4.tgz#72556b80cfa0d48a974e80e77248e80ed4f7f870"

pkg-dir@^1.0.0:
  version "1.0.0"
  resolved "http://registry.npm.corp.qunar.com/pkg-dir/download/pkg-dir-1.0.0.tgz#7a4b508a8d5bb2d629d447056ff4e9c9314cf3d4"
  dependencies:
    find-up "^1.0.0"

private@^0.1.6:
  version "0.1.7"
  resolved "http://registry.npm.corp.qunar.com/private/download/private-0.1.7.tgz#68ce5e8a1ef0a23bb570cc28537b5332aba63ef1"

promise@^7.1.1:
  version "7.1.1"
  resolved "http://registry.npm.corp.qunar.com/promise/download/promise-7.1.1.tgz#489654c692616b8aa55b0724fa809bb7db49c5bf"
  dependencies:
    asap "~2.0.3"

react-dom@^15.4.2:
  version "15.4.2"
  resolved "http://registry.npm.corp.qunar.com/react-dom/download/react-dom-15.4.2.tgz#015363f05b0a1fd52ae9efdd3a0060d90695208f"
  dependencies:
    fbjs "^0.8.1"
    loose-envify "^1.1.0"
    object-assign "^4.1.0"

react@^15.4.2:
  version "15.4.2"
  resolved "http://registry.npm.corp.qunar.com/react/download/react-15.4.2.tgz#41f7991b26185392ba9bae96c8889e7e018397ef"
  dependencies:
    fbjs "^0.8.4"
    loose-envify "^1.1.0"
    object-assign "^4.1.0"

regenerate@^1.2.1:
  version "1.3.2"
  resolved "http://registry.npm.corp.qunar.com/regenerate/download/regenerate-1.3.2.tgz#d1941c67bad437e1be76433add5b385f95b19260"

regenerator-runtime@^0.10.0:
  version "0.10.3"
  resolved "http://registry.npm.corp.qunar.com/regenerator-runtime/download/regenerator-runtime-0.10.3.tgz#8c4367a904b51ea62a908ac310bf99ff90a82a3e"

regenerator-transform@0.9.8:
  version "0.9.8"
  resolved "http://registry.npm.corp.qunar.com/regenerator-transform/download/regenerator-transform-0.9.8.tgz#0f88bb2bc03932ddb7b6b7312e68078f01026d6c"
  dependencies:
    babel-runtime "^6.18.0"
    babel-types "^6.19.0"
    private "^0.1.6"

regexpu-core@^2.0.0:
  version "2.0.0"
  resolved "http://registry.npm.corp.qunar.com/regexpu-core/download/regexpu-core-2.0.0.tgz#49d038837b8dcf8bfa5b9a42139938e6ea2ae240"
  dependencies:
    regenerate "^1.2.1"
    regjsgen "^0.2.0"
    regjsparser "^0.1.4"

regjsgen@^0.2.0:
  version "0.2.0"
  resolved "http://registry.npm.corp.qunar.com/regjsgen/download/regjsgen-0.2.0.tgz#6c016adeac554f75823fe37ac05b92d5a4edb1f7"

regjsparser@^0.1.4:
  version "0.1.5"
  resolved "http://registry.npm.corp.qunar.com/regjsparser/download/regjsparser-0.1.5.tgz#7ee8f84dc6fa792d3fd0ae228d24bd949ead205c"
  dependencies:
    jsesc "~0.5.0"

repeating@^2.0.0:
  version "2.0.1"
  resolved "http://registry.npm.corp.qunar.com/repeating/download/repeating-2.0.1.tgz#5214c53a926d3552707527fbab415dbc08d06dda"
  dependencies:
    is-finite "^1.0.0"

setimmediate@^1.0.5:
  version "1.0.5"
  resolved "http://registry.npm.corp.qunar.com/setimmediate/download/setimmediate-1.0.5.tgz#290cbb232e306942d7d7ea9b83732ab7856f8285"

slash@^1.0.0:
  version "1.0.0"
  resolved "http://registry.npm.corp.qunar.com/slash/download/slash-1.0.0.tgz#c41f2f6c39fc16d1cd17ad4b5d896114ae470d55"

source-map-support@^0.4.2:
  version "0.4.11"
  resolved "http://registry.npm.corp.qunar.com/source-map-support/download/source-map-support-0.4.11.tgz#647f939978b38535909530885303daf23279f322"
  dependencies:
    source-map "^0.5.3"

source-map@^0.5.0, source-map@^0.5.3:
  version "0.5.6"
  resolved "http://registry.npm.corp.qunar.com/source-map/download/source-map-0.5.6.tgz#75ce38f52bf0733c5a7f0c118d81334a2bb5f412"

strip-ansi@^3.0.0:
  version "3.0.1"
  resolved "http://registry.npm.corp.qunar.com/strip-ansi/download/strip-ansi-3.0.1.tgz#6a385fb8853d952d5ff05d0e8aaf94278dc63dcf"
  dependencies:
    ansi-regex "^2.0.0"

supports-color@^2.0.0:
  version "2.0.0"
  resolved "http://registry.npm.corp.qunar.com/supports-color/download/supports-color-2.0.0.tgz#535d045ce6b6363fa40117084629995e9df324c7"

to-fast-properties@^1.0.1:
  version "1.0.2"
  resolved "http://registry.npm.corp.qunar.com/to-fast-properties/download/to-fast-properties-1.0.2.tgz#f3f5c0c3ba7299a7ef99427e44633257ade43320"

trim-right@^1.0.1:
  version "1.0.1"
  resolved "http://registry.npm.corp.qunar.com/trim-right/download/trim-right-1.0.1.tgz#cb2e1203067e0c8de1f614094b9fe45704ea6003"

ua-parser-js@^0.7.9:
  version "0.7.12"
  resolved "http://registry.npm.corp.qunar.com/ua-parser-js/download/ua-parser-js-0.7.12.tgz#04c81a99bdd5dc52263ea29d24c6bf8d4818a4bb"

whatwg-fetch@>=0.10.0:
  version "2.0.2"
  resolved "http://registry.npm.corp.qunar.com/whatwg-fetch/download/whatwg-fetch-2.0.2.tgz#fe294d1d89e36c5be8b3195057f2e4bc74fc980e"

ykit-config-react@^0.1.0:
  version "0.1.0"
  resolved "http://registry.npm.corp.qunar.com/ykit-config-react/download/ykit-config-react-0.1.0.tgz#a31d89773c3ecaa463d734bd76b427824fed29d1"
  dependencies:
    babel-core "^6.23.1"
    babel-loader "^6.3.2"
    babel-plugin-transform-runtime "^6.23.0"
    babel-preset-es2015 "^6.22.0"
    babel-preset-es2017 "^6.22.0"
    babel-preset-react "^6.23.0"
    babel-preset-stage-0 "^6.22.0"
    babel-preset-stage-1 "^6.22.0"
    babel-preset-stage-2 "^6.22.0"
    babel-runtime "^6.23.0"
    extend "^3.0.0"
    happypack "^3.0.2"
    react "^15.4.2"
    react-dom "^15.4.2"
